<?xml version="1.0" encoding="utf-8"?>
<Project ToolsVersion="4.0" xmlns="http://schemas.microsoft.com/developer/msbuild/2003">
  <ItemGroup>
    <Filter Include="libsoldout">
      <UniqueIdentifier>{931391b6-b6ef-48f8-82ca-8723e5dd5d93}</UniqueIdentifier>
    </Filter>
  </ItemGroup>
  <ItemGroup>
    <ClCompile Include="libsoldout\array.c">
      <Filter>libsoldout</Filter>
    </ClCompile>
    <ClCompile Include="libsoldout\buffer.c">
      <Filter>libsoldout</Filter>
    </ClCompile>
    <ClCompile Include="libsoldout\markdown.c">
      <Filter>libsoldout</Filter>
    </ClCompile>
    <ClCompile Include="libsoldout\renderers.c">
      <Filter>libsoldout</Filter>
    </ClCompile>
    <ClCompile Include="converters.cpp" />
    <ClCompile Include="markdown_proc.cpp" />
    <ClCompile Include="stem.c" />
    <ClCompile Include="udb.cpp" />
    <ClCompile Include="ufojson.cpp" />
    <ClCompile Include="ufojson_core.cpp" />
    <ClCompile Include="utils.cpp" />
  </ItemGroup>
  <ItemGroup>
    <ClInclude Include="libsoldout\array.h">
      <Filter>libsoldout</Filter>
    </ClInclude>
    <ClInclude Include="libsoldout\buffer.h">
      <Filter>libsoldout</Filter>
    </ClInclude>
    <ClInclude Include="libsoldout\markdown.h">
      <Filter>libsoldout</Filter>
    </ClInclude>
    <ClInclude Include="libsoldout\renderers.h">
      <Filter>libsoldout</Filter>
    </ClInclude>
    <ClInclude Include="resource.h" />
    <ClInclude Include="converters.h" />
    <ClInclude Include="markdown_proc.h" />
    <ClInclude Include="stem.h" />
    <ClInclude Include="udb.h" />
    <ClInclude Include="udb_tables.h" />
    <ClInclude Include="ufojson_core.h" />
    <ClInclude Include="utf8.h" />
    <ClInclude Include="utils.h" />
    <ClInclude Include="pjson.h" />
  </ItemGroup>
</Project>