<?xml version="1.0" encoding="utf-8"?>
<Project ToolsVersion="4.0" xmlns="http://schemas.microsoft.com/developer/msbuild/2003">
  <ItemGroup>
    <Filter Include="Source Files">
      <UniqueIdentifier>{4FC737F1-C7A5-4376-A066-2A32D752A2FF}</UniqueIdentifier>
      <Extensions>cpp;c;cc;cxx;c++;cppm;ixx;def;odl;idl;hpj;bat;asm;asmx</Extensions>
    </Filter>
    <Filter Include="Header Files">
      <UniqueIdentifier>{93995380-89BD-4b04-88EB-625FBE52EBFB}</UniqueIdentifier>
      <Extensions>h;hh;hpp;hxx;h++;hm;inl;inc;ipp;xsd</Extensions>
    </Filter>
    <Filter Include="Resource Files">
      <UniqueIdentifier>{67DA6AB6-F800-4c08-8B7A-83BB121AAD01}</UniqueIdentifier>
      <Extensions>rc;ico;cur;bmp;dlg;rc2;rct;bin;rgs;gif;jpg;jpeg;jpe;resx;tiff;tif;png;wav;mfcribbon-ms</Extensions>
    </Filter>
    <Filter Include="Source Files\libsoldout">
      <UniqueIdentifier>{931391b6-b6ef-48f8-82ca-8723e5dd5d93}</UniqueIdentifier>
    </Filter>
  </ItemGroup>
  <ItemGroup>
    <ClCompile Include="ufojson.cpp">
      <Filter>Source Files</Filter>
    </ClCompile>
    <ClCompile Include="libsoldout\array.c">
      <Filter>Source Files\libsoldout</Filter>
    </ClCompile>
    <ClCompile Include="libsoldout\buffer.c">
      <Filter>Source Files\libsoldout</Filter>
    </ClCompile>
    <ClCompile Include="libsoldout\markdown.c">
      <Filter>Source Files\libsoldout</Filter>
    </ClCompile>
    <ClCompile Include="libsoldout\renderers.c">
      <Filter>Source Files\libsoldout</Filter>
    </ClCompile>
    <ClCompile Include="utils.cpp">
      <Filter>Source Files</Filter>
    </ClCompile>
    <ClCompile Include="markdown_proc.cpp">
      <Filter>Source Files</Filter>
    </ClCompile>
    <ClCompile Include="udb.cpp">
      <Filter>Source Files</Filter>
    </ClCompile>
    <ClCompile Include="ufojson_core.cpp">
      <Filter>Source Files</Filter>
    </ClCompile>
    <ClCompile Include="converters.cpp">
      <Filter>Source Files</Filter>
    </ClCompile>
    <ClCompile Include="stem.c">
      <Filter>Source Files</Filter>
    </ClCompile>
  </ItemGroup>
  <ItemGroup>
    <ClInclude Include="libsoldout\array.h">
      <Filter>Source Files\libsoldout</Filter>
    </ClInclude>
    <ClInclude Include="libsoldout\buffer.h">
      <Filter>Source Files\libsoldout</Filter>
    </ClInclude>
    <ClInclude Include="libsoldout\markdown.h">
      <Filter>Source Files\libsoldout</Filter>
    </ClInclude>
    <ClInclude Include="libsoldout\renderers.h">
      <Filter>Source Files\libsoldout</Filter>
    </ClInclude>
    <ClInclude Include="resource.h">
      <Filter>Header Files</Filter>
    </ClInclude>
    <ClInclude Include="utils.h">
      <Filter>Source Files</Filter>
    </ClInclude>
    <ClInclude Include="markdown_proc.h">
      <Filter>Source Files</Filter>
    </ClInclude>
    <ClInclude Include="udb.h">
      <Filter>Source Files</Filter>
    </ClInclude>
    <ClInclude Include="ufojson_core.h">
      <Filter>Source Files</Filter>
    </ClInclude>
    <ClInclude Include="udb_tables.h">
      <Filter>Source Files</Filter>
    </ClInclude>
    <ClInclude Include="converters.h">
      <Filter>Source Files</Filter>
    </ClInclude>
    <ClInclude Include="utf8.h">
      <Filter>Source Files</Filter>
    </ClInclude>
    <ClInclude Include="stem.h">
      <Filter>Source Files</Filter>
    </ClInclude>
  </ItemGroup>
</Project>